// !$*UTF8*$!
{
	archiveVersion = 1;
	classes = {
	};
	objectVersion = 50;
	objects = {

/* Begin PBXBuildFile section */
		22155B9925E4377000B31768 /* AppDelegate.swift in Sources */ = {isa = PBXBuildFile; fileRef = 22155B9825E4377000B31768 /* AppDelegate.swift */; };
		22155B9B25E4377000B31768 /* SceneDelegate.swift in Sources */ = {isa = PBXBuildFile; fileRef = 22155B9A25E4377000B31768 /* SceneDelegate.swift */; };
		22155B9D25E4377000B31768 /* ViewController.swift in Sources */ = {isa = PBXBuildFile; fileRef = 22155B9C25E4377000B31768 /* ViewController.swift */; };
		22155BA025E4377000B31768 /* Main.storyboard in Resources */ = {isa = PBXBuildFile; fileRef = 22155B9E25E4377000B31768 /* Main.storyboard */; };
		22155BA225E4377300B31768 /* Assets.xcassets in Resources */ = {isa = PBXBuildFile; fileRef = 22155BA125E4377300B31768 /* Assets.xcassets */; };
		22155BA525E4377300B31768 /* LaunchScreen.storyboard in Resources */ = {isa = PBXBuildFile; fileRef = 22155BA325E4377300B31768 /* LaunchScreen.storyboard */; };
		22155BB025E4377300B31768 /* HelloWorld_Tests.swift in Sources */ = {isa = PBXBuildFile; fileRef = 22155BAF25E4377300B31768 /* HelloWorld_Tests.swift */; };
		22155BBB25E4377300B31768 /* HelloWorld_UITests.swift in Sources */ = {isa = PBXBuildFile; fileRef = 22155BBA25E4377300B31768 /* HelloWorld_UITests.swift */; };
/* End PBXBuildFile section */

/* Begin PBXContainerItemProxy section */
		22155BAC25E4377300B31768 /* PBXContainerItemProxy */ = {
			isa = PBXContainerItemProxy;
			containerPortal = 22155B8D25E4377000B31768 /* Project object */;
			proxyType = 1;
			remoteGlobalIDString = 22155B9425E4377000B31768;
			remoteInfo = "HelloWorld!";
		};
		22155BB725E4377300B31768 /* PBXContainerItemProxy */ = {
			isa = PBXContainerItemProxy;
			containerPortal = 22155B8D25E4377000B31768 /* Project object */;
			proxyType = 1;
			remoteGlobalIDString = 22155B9425E4377000B31768;
			remoteInfo = "HelloWorld!";
		};
/* End PBXContainerItemProxy section */

/* Begin PBXFileReference section */
		22155B9525E4377000B31768 /* HelloWorld!.app */ = {isa = PBXFileReference; explicitFileType = wrapper.application; includeInIndex = 0; path = "HelloWorld!.app"; sourceTree = BUILT_PRODUCTS_DIR; };
		22155B9825E4377000B31768 /* AppDelegate.swift */ = {isa = PBXFileReference; lastKnownFileType = sourcecode.swift; path = AppDelegate.swift; sourceTree = "<group>"; };
		22155B9A25E4377000B31768 /* SceneDelegate.swift */ = {isa = PBXFileReference; lastKnownFileType = sourcecode.swift; path = SceneDelegate.swift; sourceTree = "<group>"; };
		22155B9C25E4377000B31768 /* ViewController.swift */ = {isa = PBXFileReference; lastKnownFileType = sourcecode.swift; path = ViewController.swift; sourceTree = "<group>"; };
		22155B9F25E4377000B31768 /* Base */ = {isa = PBXFileReference; lastKnownFileType = file.storyboard; name = Base; path = Base.lproj/Main.storyboard; sourceTree = "<group>"; };
		22155BA125E4377300B31768 /* Assets.xcassets */ = {isa = PBXFileReference; lastKnownFileType = folder.assetcatalog; path = Assets.xcassets; sourceTree = "<group>"; };
		22155BA425E4377300B31768 /* Base */ = {isa = PBXFileReference; lastKnownFileType = file.storyboard; name = Base; path = Base.lproj/LaunchScreen.storyboard; sourceTree = "<group>"; };
		22155BA625E4377300B31768 /* Info.plist */ = {isa = PBXFileReference; lastKnownFileType = text.plist.xml; path = Info.plist; sourceTree = "<group>"; };
		22155BAB25E4377300B31768 /* HelloWorld!Tests.xctest */ = {isa = PBXFileReference; explicitFileType = wrapper.cfbundle; includeInIndex = 0; path = "HelloWorld!Tests.xctest"; sourceTree = BUILT_PRODUCTS_DIR; };
		22155BAF25E4377300B31768 /* HelloWorld_Tests.swift */ = {isa = PBXFileReference; lastKnownFileType = sourcecode.swift; path = HelloWorld_Tests.swift; sourceTree = "<group>"; };
		22155BB125E4377300B31768 /* Info.plist */ = {isa = PBXFileReference; lastKnownFileType = text.plist.xml; path = Info.plist; sourceTree = "<group>"; };
		22155BB625E4377300B31768 /* HelloWorld!UITests.xctest */ = {isa = PBXFileReference; explicitFileType = wrapper.cfbundle; includeInIndex = 0; path = "HelloWorld!UITests.xctest"; sourceTree = BUILT_PRODUCTS_DIR; };
		22155BBA25E4377300B31768 /* HelloWorld_UITests.swift */ = {isa = PBXFileReference; lastKnownFileType = sourcecode.swift; path = HelloWorld_UITests.swift; sourceTree = "<group>"; };
		22155BBC25E4377300B31768 /* Info.plist */ = {isa = PBXFileReference; lastKnownFileType = text.plist.xml; path = Info.plist; sourceTree = "<group>"; };
/* End PBXFileReference section */

/* Begin PBXFrameworksBuildPhase section */
		22155B9225E4377000B31768 /* Frameworks */ = {
			isa = PBXFrameworksBuildPhase;
			buildActionMask = 2147483647;
			files = (
			);
			runOnlyForDeploymentPostprocessing = 0;
		};
		22155BA825E4377300B31768 /* Frameworks */ = {
			isa = PBXFrameworksBuildPhase;
			buildActionMask = 2147483647;
			files = (
			);
			runOnlyForDeploymentPostprocessing = 0;
		};
		22155BB325E4377300B31768 /* Frameworks */ = {
			isa = PBXFrameworksBuildPhase;
			buildActionMask = 2147483647;
			files = (
			);
			runOnlyForDeploymentPostprocessing = 0;
		};
/* End PBXFrameworksBuildPhase section */

/* Begin PBXGroup section */
		22155B8C25E4377000B31768 = {
			isa = PBXGroup;
			children = (
				22155B9725E4377000B31768 /* HelloWorld! */,
				22155BAE25E4377300B31768 /* HelloWorld!Tests */,
				22155BB925E4377300B31768 /* HelloWorld!UITests */,
				22155B9625E4377000B31768 /* Products */,
			);
			sourceTree = "<group>";
		};
		22155B9625E4377000B31768 /* Products */ = {
			isa = PBXGroup;
			children = (
				22155B9525E4377000B31768 /* HelloWorld!.app */,
				22155BAB25E4377300B31768 /* HelloWorld!Tests.xctest */,
				22155BB625E4377300B31768 /* HelloWorld!UITests.xctest */,
			);
			name = Products;
			sourceTree = "<group>";
		};
		22155B9725E4377000B31768 /* HelloWorld! */ = {
			isa = PBXGroup;
			children = (
				22155B9825E4377000B31768 /* AppDelegate.swift */,
				22155B9A25E4377000B31768 /* SceneDelegate.swift */,
				22155B9C25E4377000B31768 /* ViewController.swift */,
				22155B9E25E4377000B31768 /* Main.storyboard */,
				22155BA125E4377300B31768 /* Assets.xcassets */,
				22155BA325E4377300B31768 /* LaunchScreen.storyboard */,
				22155BA625E4377300B31768 /* Info.plist */,
			);
			path = "HelloWorld!";
			sourceTree = "<group>";
		};
		22155BAE25E4377300B31768 /* HelloWorld!Tests */ = {
			isa = PBXGroup;
			children = (
				22155BAF25E4377300B31768 /* HelloWorld_Tests.swift */,
				22155BB125E4377300B31768 /* Info.plist */,
			);
			path = "HelloWorld!Tests";
			sourceTree = "<group>";
		};
		22155BB925E4377300B31768 /* HelloWorld!UITests */ = {
			isa = PBXGroup;
			children = (
				22155BBA25E4377300B31768 /* HelloWorld_UITests.swift */,
				22155BBC25E4377300B31768 /* Info.plist */,
			);
			path = "HelloWorld!UITests";
			sourceTree = "<group>";
		};
/* End PBXGroup section */

/* Begin PBXNativeTarget section */
		22155B9425E4377000B31768 /* HelloWorld! */ = {
			isa = PBXNativeTarget;
			buildConfigurationList = 22155BBF25E4377300B31768 /* Build configuration list for PBXNativeTarget "HelloWorld!" */;
			buildPhases = (
				22155B9125E4377000B31768 /* Sources */,
				22155B9225E4377000B31768 /* Frameworks */,
				22155B9325E4377000B31768 /* Resources */,
			);
			buildRules = (
			);
			dependencies = (
			);
			name = "HelloWorld!";
			productName = "HelloWorld!";
			productReference = 22155B9525E4377000B31768 /* HelloWorld!.app */;
			productType = "com.apple.product-type.application";
		};
		22155BAA25E4377300B31768 /* HelloWorld!Tests */ = {
			isa = PBXNativeTarget;
			buildConfigurationList = 22155BC225E4377300B31768 /* Build configuration list for PBXNativeTarget "HelloWorld!Tests" */;
			buildPhases = (
				22155BA725E4377300B31768 /* Sources */,
				22155BA825E4377300B31768 /* Frameworks */,
				22155BA925E4377300B31768 /* Resources */,
			);
			buildRules = (
			);
			dependencies = (
				22155BAD25E4377300B31768 /* PBXTargetDependency */,
			);
			name = "HelloWorld!Tests";
			productName = "HelloWorld!Tests";
			productReference = 22155BAB25E4377300B31768 /* HelloWorld!Tests.xctest */;
			productType = "com.apple.product-type.bundle.unit-test";
		};
		22155BB525E4377300B31768 /* HelloWorld!UITests */ = {
			isa = PBXNativeTarget;
			buildConfigurationList = 22155BC525E4377300B31768 /* Build configuration list for PBXNativeTarget "HelloWorld!UITests" */;
			buildPhases = (
				22155BB225E4377300B31768 /* Sources */,
				22155BB325E4377300B31768 /* Frameworks */,
				22155BB425E4377300B31768 /* Resources */,
			);
			buildRules = (
			);
			dependencies = (
				22155BB825E4377300B31768 /* PBXTargetDependency */,
			);
			name = "HelloWorld!UITests";
			productName = "HelloWorld!UITests";
			productReference = 22155BB625E4377300B31768 /* HelloWorld!UITests.xctest */;
			productType = "com.apple.product-type.bundle.ui-testing";
		};
/* End PBXNativeTarget section */

/* Begin PBXProject section */
		22155B8D25E4377000B31768 /* Project object */ = {
			isa = PBXProject;
			attributes = {
				LastSwiftUpdateCheck = 1240;
				LastUpgradeCheck = 1240;
				TargetAttributes = {
					22155B9425E4377000B31768 = {
						CreatedOnToolsVersion = 12.4;
					};
					22155BAA25E4377300B31768 = {
						CreatedOnToolsVersion = 12.4;
						TestTargetID = 22155B9425E4377000B31768;
					};
					22155BB525E4377300B31768 = {
						CreatedOnToolsVersion = 12.4;
						TestTargetID = 22155B9425E4377000B31768;
					};
				};
			};
			buildConfigurationList = 22155B9025E4377000B31768 /* Build configuration list for PBXProject "HelloWorld!" */;
			compatibilityVersion = "Xcode 9.3";
			developmentRegion = en;
			hasScannedForEncodings = 0;
			knownRegions = (
				en,
				Base,
			);
			mainGroup = 22155B8C25E4377000B31768;
			productRefGroup = 22155B9625E4377000B31768 /* Products */;
			projectDirPath = "";
			projectRoot = "";
			targets = (
				22155B9425E4377000B31768 /* HelloWorld! */,
				22155BAA25E4377300B31768 /* HelloWorld!Tests */,
				22155BB525E4377300B31768 /* HelloWorld!UITests */,
			);
		};
/* End PBXProject section */

/* Begin PBXResourcesBuildPhase section */
		22155B9325E4377000B31768 /* Resources */ = {
			isa = PBXResourcesBuildPhase;
			buildActionMask = 2147483647;
			files = (
				22155BA525E4377300B31768 /* LaunchScreen.storyboard in Resources */,
				22155BA225E4377300B31768 /* Assets.xcassets in Resources */,
				22155BA025E4377000B31768 /* Main.storyboard in Resources */,
			);
			runOnlyForDeploymentPostprocessing = 0;
		};
		22155BA925E4377300B31768 /* Resources */ = {
			isa = PBXResourcesBuildPhase;
			buildActionMask = 2147483647;
			files = (
			);
			runOnlyForDeploymentPostprocessing = 0;
		};
		22155BB425E4377300B31768 /* Resources */ = {
			isa = PBXResourcesBuildPhase;
			buildActionMask = 2147483647;
			files = (
			);
			runOnlyForDeploymentPostprocessing = 0;
		};
/* End PBXResourcesBuildPhase section */

/* Begin PBXSourcesBuildPhase section */
		22155B9125E4377000B31768 /* Sources */ = {
			isa = PBXSourcesBuildPhase;
			buildActionMask = 2147483647;
			files = (
				22155B9D25E4377000B31768 /* ViewController.swift in Sources */,
				22155B9925E4377000B31768 /* AppDelegate.swift in Sources */,
				22155B9B25E4377000B31768 /* SceneDelegate.swift in Sources */,
			);
			runOnlyForDeploymentPostprocessing = 0;
		};
		22155BA725E4377300B31768 /* Sources */ = {
			isa = PBXSourcesBuildPhase;
			buildActionMask = 2147483647;
			files = (
				22155BB025E4377300B31768 /* HelloWorld_Tests.swift in Sources */,
			);
			runOnlyForDeploymentPostprocessing = 0;
		};
		22155BB225E4377300B31768 /* Sources */ = {
			isa = PBXSourcesBuildPhase;
			buildActionMask = 2147483647;
			files = (
				22155BBB25E4377300B31768 /* HelloWorld_UITests.swift in Sources */,
			);
			runOnlyForDeploymentPostprocessing = 0;
		};
/* End PBXSourcesBuildPhase section */

/* Begin PBXTargetDependency section */
		22155BAD25E4377300B31768 /* PBXTargetDependency */ = {
			isa = PBXTargetDependency;
			target = 22155B9425E4377000B31768 /* HelloWorld! */;
			targetProxy = 22155BAC25E4377300B31768 /* PBXContainerItemProxy */;
		};
		22155BB825E4377300B31768 /* PBXTargetDependency */ = {
			isa = PBXTargetDependency;
			target = 22155B9425E4377000B31768 /* HelloWorld! */;
			targetProxy = 22155BB725E4377300B31768 /* PBXContainerItemProxy */;
		};
/* End PBXTargetDependency section */

/* Begin PBXVariantGroup section */
		22155B9E25E4377000B31768 /* Main.storyboard */ = {
			isa = PBXVariantGroup;
			children = (
				22155B9F25E4377000B31768 /* Base */,
			);
			name = Main.storyboard;
			sourceTree = "<group>";
		};
		22155BA325E4377300B31768 /* LaunchScreen.storyboard */ = {
			isa = PBXVariantGroup;
			children = (
				22155BA425E4377300B31768 /* Base */,
			);
			name = LaunchScreen.storyboard;
			sourceTree = "<group>";
		};
/* End PBXVariantGroup section */

/* Begin XCBuildConfiguration section */
		22155BBD25E4377300B31768 /* Debug */ = {
			isa = XCBuildConfiguration;
			buildSettings = {
				ALWAYS_SEARCH_USER_PATHS = NO;
				CLANG_ANALYZER_NONNULL = YES;
				CLANG_ANALYZER_NUMBER_OBJECT_CONVERSION = YES_AGGRESSIVE;
				CLANG_CXX_LANGUAGE_STANDARD = "gnu++14";
				CLANG_CXX_LIBRARY = "libc++";
				CLANG_ENABLE_MODULES = YES;
				CLANG_ENABLE_OBJC_ARC = YES;
				CLANG_ENABLE_OBJC_WEAK = YES;
				CLANG_WARN_BLOCK_CAPTURE_AUTORELEASING = YES;
				CLANG_WARN_BOOL_CONVERSION = YES;
				CLANG_WARN_COMMA = YES;
				CLANG_WARN_CONSTANT_CONVERSION = YES;
				CLANG_WARN_DEPRECATED_OBJC_IMPLEMENTATIONS = YES;
				CLANG_WARN_DIRECT_OBJC_ISA_USAGE = YES_ERROR;
				CLANG_WARN_DOCUMENTATION_COMMENTS = YES;
				CLANG_WARN_EMPTY_BODY = YES;
				CLANG_WARN_ENUM_CONVERSION = YES;
				CLANG_WARN_INFINITE_RECURSION = YES;
				CLANG_WARN_INT_CONVERSION = YES;
				CLANG_WARN_NON_LITERAL_NULL_CONVERSION = YES;
				CLANG_WARN_OBJC_IMPLICIT_RETAIN_SELF = YES;
				CLANG_WARN_OBJC_LITERAL_CONVERSION = YES;
				CLANG_WARN_OBJC_ROOT_CLASS = YES_ERROR;
				CLANG_WARN_QUOTED_INCLUDE_IN_FRAMEWORK_HEADER = YES;
				CLANG_WARN_RANGE_LOOP_ANALYSIS = YES;
				CLANG_WARN_STRICT_PROTOTYPES = YES;
				CLANG_WARN_SUSPICIOUS_MOVE = YES;
				CLANG_WARN_UNGUARDED_AVAILABILITY = YES_AGGRESSIVE;
				CLANG_WARN_UNREACHABLE_CODE = YES;
				CLANG_WARN__DUPLICATE_METHOD_MATCH = YES;
				COPY_PHASE_STRIP = NO;
				DEBUG_INFORMATION_FORMAT = dwarf;
				ENABLE_STRICT_OBJC_MSGSEND = YES;
				ENABLE_TESTABILITY = YES;
				GCC_C_LANGUAGE_STANDARD = gnu11;
				GCC_DYNAMIC_NO_PIC = NO;
				GCC_NO_COMMON_BLOCKS = YES;
				GCC_OPTIMIZATION_LEVEL = 0;
				GCC_PREPROCESSOR_DEFINITIONS = (
					"DEBUG=1",
					"$(inherited)",
				);
				GCC_WARN_64_TO_32_BIT_CONVERSION = YES;
				GCC_WARN_ABOUT_RETURN_TYPE = YES_ERROR;
				GCC_WARN_UNDECLARED_SELECTOR = YES;
				GCC_WARN_UNINITIALIZED_AUTOS = YES_AGGRESSIVE;
				GCC_WARN_UNUSED_FUNCTION = YES;
				GCC_WARN_UNUSED_VARIABLE = YES;
				IPHONEOS_DEPLOYMENT_TARGET = 14.4;
				MTL_ENABLE_DEBUG_INFO = INCLUDE_SOURCE;
				MTL_FAST_MATH = YES;
				ONLY_ACTIVE_ARCH = YES;
				SDKROOT = iphoneos;
				SWIFT_ACTIVE_COMPILATION_CONDITIONS = DEBUG;
				SWIFT_OPTIMIZATION_LEVEL = "-Onone";
			};
			name = Debug;
		};
		22155BBE25E4377300B31768 /* Release */ = {
			isa = XCBuildConfiguration;
			buildSettings = {
				ALWAYS_SEARCH_USER_PATHS = NO;
				CLANG_ANALYZER_NONNULL = YES;
				CLANG_ANALYZER_NUMBER_OBJECT_CONVERSION = YES_AGGRESSIVE;
				CLANG_CXX_LANGUAGE_STANDARD = "gnu++14";
				CLANG_CXX_LIBRARY = "libc++";
				CLANG_ENABLE_MODULES = YES;
				CLANG_ENABLE_OBJC_ARC = YES;
				CLANG_ENABLE_OBJC_WEAK = YES;
				CLANG_WARN_BLOCK_CAPTURE_AUTORELEASING = YES;
				CLANG_WARN_BOOL_CONVERSION = YES;
				CLANG_WARN_COMMA = YES;
				CLANG_WARN_CONSTANT_CONVERSION = YES;
				CLANG_WARN_DEPRECATED_OBJC_IMPLEMENTATIONS = YES;
				CLANG_WARN_DIRECT_OBJC_ISA_USAGE = YES_ERROR;
				CLANG_WARN_DOCUMENTATION_COMMENTS = YES;
				CLANG_WARN_EMPTY_BODY = YES;
				CLANG_WARN_ENUM_CONVERSION = YES;
				CLANG_WARN_INFINITE_RECURSION = YES;
				CLANG_WARN_INT_CONVERSION = YES;
				CLANG_WARN_NON_LITERAL_NULL_CONVERSION = YES;
				CLANG_WARN_OBJC_IMPLICIT_RETAIN_SELF = YES;
				CLANG_WARN_OBJC_LITERAL_CONVERSION = YES;
				CLANG_WARN_OBJC_ROOT_CLASS = YES_ERROR;
				CLANG_WARN_QUOTED_INCLUDE_IN_FRAMEWORK_HEADER = YES;
				CLANG_WARN_RANGE_LOOP_ANALYSIS = YES;
				CLANG_WARN_STRICT_PROTOTYPES = YES;
				CLANG_WARN_SUSPICIOUS_MOVE = YES;
				CLANG_WARN_UNGUARDED_AVAILABILITY = YES_AGGRESSIVE;
				CLANG_WARN_UNREACHABLE_CODE = YES;
				CLANG_WARN__DUPLICATE_METHOD_MATCH = YES;
				COPY_PHASE_STRIP = NO;
				DEBUG_INFORMATION_FORMAT = "dwarf-with-dsym";
				ENABLE_NS_ASSERTIONS = NO;
				ENABLE_STRICT_OBJC_MSGSEND = YES;
				GCC_C_LANGUAGE_STANDARD = gnu11;
				GCC_NO_COMMON_BLOCKS = YES;
				GCC_WARN_64_TO_32_BIT_CONVERSION = YES;
				GCC_WARN_ABOUT_RETURN_TYPE = YES_ERROR;
				GCC_WARN_UNDECLARED_SELECTOR = YES;
				GCC_WARN_UNINITIALIZED_AUTOS = YES_AGGRESSIVE;
				GCC_WARN_UNUSED_FUNCTION = YES;
				GCC_WARN_UNUSED_VARIABLE = YES;
				IPHONEOS_DEPLOYMENT_TARGET = 14.4;
				MTL_ENABLE_DEBUG_INFO = NO;
				MTL_FAST_MATH = YES;
				SDKROOT = iphoneos;
				SWIFT_COMPILATION_MODE = wholemodule;
				SWIFT_OPTIMIZATION_LEVEL = "-O";
				VALIDATE_PRODUCT = YES;
			};
			name = Release;
		};
		22155BC025E4377300B31768 /* Debug */ = {
			isa = XCBuildConfiguration;
			buildSettings = {
				ASSETCATALOG_COMPILER_APPICON_NAME = AppIcon;
				ASSETCATALOG_COMPILER_GLOBAL_ACCENT_COLOR_NAME = AccentColor;
				CODE_SIGN_STYLE = Automatic;
				INFOPLIST_FILE = "HelloWorld!/Info.plist";
				LD_RUNPATH_SEARCH_PATHS = (
					"$(inherited)",
					"@executable_path/Frameworks",
				);
				PRODUCT_BUNDLE_IDENTIFIER = "no.HelloWorld-";
				PRODUCT_NAME = "$(TARGET_NAME)";
				SWIFT_VERSION = 5.0;
				TARGETED_DEVICE_FAMILY = "1,2";
			};
			name = Debug;
		};
		22155BC125E4377300B31768 /* Release */ = {
			isa = XCBuildConfiguration;
			buildSettings = {
				ASSETCATALOG_COMPILER_APPICON_NAME = AppIcon;
				ASSETCATALOG_COMPILER_GLOBAL_ACCENT_COLOR_NAME = AccentColor;
				CODE_SIGN_STYLE = Automatic;
				INFOPLIST_FILE = "HelloWorld!/Info.plist";
				LD_RUNPATH_SEARCH_PATHS = (
					"$(inherited)",
					"@executable_path/Frameworks",
				);
				PRODUCT_BUNDLE_IDENTIFIER = "no.HelloWorld-";
				PRODUCT_NAME = "$(TARGET_NAME)";
				SWIFT_VERSION = 5.0;
				TARGETED_DEVICE_FAMILY = "1,2";
			};
			name = Release;
		};
		22155BC325E4377300B31768 /* Debug */ = {
			isa = XCBuildConfiguration;
			buildSettings = {
				ALWAYS_EMBED_SWIFT_STANDARD_LIBRARIES = YES;
				BUNDLE_LOADER = "$(TEST_HOST)";
				CODE_SIGN_STYLE = Automatic;
				INFOPLIST_FILE = "HelloWorld!Tests/Info.plist";
				IPHONEOS_DEPLOYMENT_TARGET = 14.4;
				LD_RUNPATH_SEARCH_PATHS = (
					"$(inherited)",
					"@executable_path/Frameworks",
					"@loader_path/Frameworks",
				);
				PRODUCT_BUNDLE_IDENTIFIER = "no.HelloWorld-Tests";
				PRODUCT_NAME = "$(TARGET_NAME)";
				SWIFT_VERSION = 5.0;
				TARGETED_DEVICE_FAMILY = "1,2";
				TEST_HOST = "$(BUILT_PRODUCTS_DIR)/HelloWorld!.app/HelloWorld!";
			};
			name = Debug;
		};
		22155BC425E4377300B31768 /* Release */ = {
			isa = XCBuildConfiguration;
			buildSettings = {
				ALWAYS_EMBED_SWIFT_STANDARD_LIBRARIES = YES;
				BUNDLE_LOADER = "$(TEST_HOST)";
				CODE_SIGN_STYLE = Automatic;
				INFOPLIST_FILE = "HelloWorld!Tests/Info.plist";
				IPHONEOS_DEPLOYMENT_TARGET = 14.4;
				LD_RUNPATH_SEARCH_PATHS = (
					"$(inherited)",
					"@executable_path/Frameworks",
					"@loader_path/Frameworks",
				);
				PRODUCT_BUNDLE_IDENTIFIER = "no.HelloWorld-Tests";
				PRODUCT_NAME = "$(TARGET_NAME)";
				SWIFT_VERSION = 5.0;
				TARGETED_DEVICE_FAMILY = "1,2";
				TEST_HOST = "$(BUILT_PRODUCTS_DIR)/HelloWorld!.app/HelloWorld!";
			};
			name = Release;
		};
		22155BC625E4377300B31768 /* Debug */ = {
			isa = XCBuildConfiguration;
			buildSettings = {
				ALWAYS_EMBED_SWIFT_STANDARD_LIBRARIES = YES;
				CODE_SIGN_STYLE = Automatic;
				INFOPLIST_FILE = "HelloWorld!UITests/Info.plist";
				LD_RUNPATH_SEARCH_PATHS = (
					"$(inherited)",
					"@executable_path/Frameworks",
					"@loader_path/Frameworks",
				);
				PRODUCT_BUNDLE_IDENTIFIER = "no.HelloWorld-UITests";
				PRODUCT_NAME = "$(TARGET_NAME)";
				SWIFT_VERSION = 5.0;
				TARGETED_DEVICE_FAMILY = "1,2";
				TEST_TARGET_NAME = "HelloWorld!";
			};
			name = Debug;
		};
		22155BC725E4377300B31768 /* Release */ = {
			isa = XCBuildConfiguration;
			buildSettings = {
				ALWAYS_EMBED_SWIFT_STANDARD_LIBRARIES = YES;
				CODE_SIGN_STYLE = Automatic;
				INFOPLIST_FILE = "HelloWorld!UITests/Info.plist";
				LD_RUNPATH_SEARCH_PATHS = (
					"$(inherited)",
					"@executable_path/Frameworks",
					"@loader_path/Frameworks",
				);
				PRODUCT_BUNDLE_IDENTIFIER = "no.HelloWorld-UITests";
				PRODUCT_NAME = "$(TARGET_NAME)";
				SWIFT_VERSION = 5.0;
				TARGETED_DEVICE_FAMILY = "1,2";
				TEST_TARGET_NAME = "HelloWorld!";
			};
			name = Release;
		};
/* End XCBuildConfiguration section */

/* Begin XCConfigurationList section */
		22155B9025E4377000B31768 /* Build configuration list for PBXProject "HelloWorld!" */ = {
			isa = XCConfigurationList;
			buildConfigurations = (
				22155BBD25E4377300B31768 /* Debug */,
				22155BBE25E4377300B31768 /* Release */,
			);
			defaultConfigurationIsVisible = 0;
			defaultConfigurationName = Release;
		};
		22155BBF25E4377300B31768 /* Build configuration list for PBXNativeTarget "HelloWorld!" */ = {
			isa = XCConfigurationList;
			buildConfigurations = (
				22155BC025E4377300B31768 /* Debug */,
				22155BC125E4377300B31768 /* Release */,
			);
			defaultConfigurationIsVisible = 0;
			defaultConfigurationName = Release;
		};
		22155BC225E4377300B31768 /* Build configuration list for PBXNativeTarget "HelloWorld!Tests" */ = {
			isa = XCConfigurationList;
			buildConfigurations = (
				22155BC325E4377300B31768 /* Debug */,
				22155BC425E4377300B31768 /* Release */,
			);
			defaultConfigurationIsVisible = 0;
			defaultConfigurationName = Release;
		};
		22155BC525E4377300B31768 /* Build configuration list for PBXNativeTarget "HelloWorld!UITests" */ = {
			isa = XCConfigurationList;
			buildConfigurations = (
				22155BC625E4377300B31768 /* Debug */,
				22155BC725E4377300B31768 /* Release */,
			);
			defaultConfigurationIsVisible = 0;
			defaultConfigurationName = Release;
		};
/* End XCConfigurationList section */
	};
	rootObject = 22155B8D25E4377000B31768 /* Project object */;
}
